// !$*UTF8*$!
{
	archiveVersion = 1;
	classes = {
	};
	objectVersion = 50;
	objects = {

/* Begin PBXBuildFile section */
		4098DCEA7D2E434717E04371 /* Pods_Todoey.framework in Frameworks */ = {isa = PBXBuildFile; fileRef = 060C7F11539EA3F6D09B464E /* Pods_Todoey.framework */; };
		E482AA212187E77A00AC0D33 /* Catagory.swift in Sources */ = {isa = PBXBuildFile; fileRef = E482AA1F2187E77A00AC0D33 /* Catagory.swift */; };
		E482AA222187E77A00AC0D33 /* Item.swift in Sources */ = {isa = PBXBuildFile; fileRef = E482AA202187E77A00AC0D33 /* Item.swift */; };
		E4E6F1722179893A000BEF9A /* AppDelegate.swift in Sources */ = {isa = PBXBuildFile; fileRef = E4E6F1712179893A000BEF9A /* AppDelegate.swift */; };
		E4E6F1742179893A000BEF9A /* TodoListViewController.swift in Sources */ = {isa = PBXBuildFile; fileRef = E4E6F1732179893A000BEF9A /* TodoListViewController.swift */; };
		E4E6F1772179893A000BEF9A /* Main.storyboard in Resources */ = {isa = PBXBuildFile; fileRef = E4E6F1752179893A000BEF9A /* Main.storyboard */; };
		E4E6F17921798940000BEF9A /* Assets.xcassets in Resources */ = {isa = PBXBuildFile; fileRef = E4E6F17821798940000BEF9A /* Assets.xcassets */; };
		E4E6F17C21798940000BEF9A /* LaunchScreen.storyboard in Resources */ = {isa = PBXBuildFile; fileRef = E4E6F17A21798940000BEF9A /* LaunchScreen.storyboard */; };
		E4E6F1AE2183A9CF000BEF9A /* CatagoryViewController.swift in Sources */ = {isa = PBXBuildFile; fileRef = E4E6F1AD2183A9CF000BEF9A /* CatagoryViewController.swift */; };
/* End PBXBuildFile section */

/* Begin PBXFileReference section */
		060C7F11539EA3F6D09B464E /* Pods_Todoey.framework */ = {isa = PBXFileReference; explicitFileType = wrapper.framework; includeInIndex = 0; path = Pods_Todoey.framework; sourceTree = BUILT_PRODUCTS_DIR; };
		230A9EF9F75CD3816389EEDC /* Pods-Todoey.debug.xcconfig */ = {isa = PBXFileReference; includeInIndex = 1; lastKnownFileType = text.xcconfig; name = "Pods-Todoey.debug.xcconfig"; path = "Pods/Target Support Files/Pods-Todoey/Pods-Todoey.debug.xcconfig"; sourceTree = "<group>"; };
		E482AA1F2187E77A00AC0D33 /* Catagory.swift */ = {isa = PBXFileReference; fileEncoding = 4; lastKnownFileType = sourcecode.swift; path = Catagory.swift; sourceTree = "<group>"; };
		E482AA202187E77A00AC0D33 /* Item.swift */ = {isa = PBXFileReference; fileEncoding = 4; lastKnownFileType = sourcecode.swift; path = Item.swift; sourceTree = "<group>"; };
		E4E6F16E2179893A000BEF9A /* Todoey.app */ = {isa = PBXFileReference; explicitFileType = wrapper.application; includeInIndex = 0; path = Todoey.app; sourceTree = BUILT_PRODUCTS_DIR; };
		E4E6F1712179893A000BEF9A /* AppDelegate.swift */ = {isa = PBXFileReference; lastKnownFileType = sourcecode.swift; path = AppDelegate.swift; sourceTree = "<group>"; };
		E4E6F1732179893A000BEF9A /* TodoListViewController.swift */ = {isa = PBXFileReference; lastKnownFileType = sourcecode.swift; path = TodoListViewController.swift; sourceTree = "<group>"; };
		E4E6F1762179893A000BEF9A /* Base */ = {isa = PBXFileReference; lastKnownFileType = file.storyboard; name = Base; path = Base.lproj/Main.storyboard; sourceTree = "<group>"; };
		E4E6F17821798940000BEF9A /* Assets.xcassets */ = {isa = PBXFileReference; lastKnownFileType = folder.assetcatalog; path = Assets.xcassets; sourceTree = "<group>"; };
		E4E6F17B21798940000BEF9A /* Base */ = {isa = PBXFileReference; lastKnownFileType = file.storyboard; name = Base; path = Base.lproj/LaunchScreen.storyboard; sourceTree = "<group>"; };
		E4E6F17D21798940000BEF9A /* Info.plist */ = {isa = PBXFileReference; lastKnownFileType = text.plist.xml; path = Info.plist; sourceTree = "<group>"; };
		E4E6F1AD2183A9CF000BEF9A /* CatagoryViewController.swift */ = {isa = PBXFileReference; lastKnownFileType = sourcecode.swift; path = CatagoryViewController.swift; sourceTree = "<group>"; };
		EC638BE9A1340ACFBECB5779 /* Pods-Todoey.release.xcconfig */ = {isa = PBXFileReference; includeInIndex = 1; lastKnownFileType = text.xcconfig; name = "Pods-Todoey.release.xcconfig"; path = "Pods/Target Support Files/Pods-Todoey/Pods-Todoey.release.xcconfig"; sourceTree = "<group>"; };
/* End PBXFileReference section */

/* Begin PBXFrameworksBuildPhase section */
		E4E6F16B2179893A000BEF9A /* Frameworks */ = {
			isa = PBXFrameworksBuildPhase;
			buildActionMask = 2147483647;
			files = (
				4098DCEA7D2E434717E04371 /* Pods_Todoey.framework in Frameworks */,
			);
			runOnlyForDeploymentPostprocessing = 0;
		};
/* End PBXFrameworksBuildPhase section */

/* Begin PBXGroup section */
		4BA6A2774D77981198B83E74 /* Frameworks */ = {
			isa = PBXGroup;
			children = (
				060C7F11539EA3F6D09B464E /* Pods_Todoey.framework */,
			);
			name = Frameworks;
			sourceTree = "<group>";
		};
		4D09190748D8C1942C84861E /* Pods */ = {
			isa = PBXGroup;
			children = (
				230A9EF9F75CD3816389EEDC /* Pods-Todoey.debug.xcconfig */,
				EC638BE9A1340ACFBECB5779 /* Pods-Todoey.release.xcconfig */,
			);
			name = Pods;
			sourceTree = "<group>";
		};
		E4E6F16521798939000BEF9A = {
			isa = PBXGroup;
			children = (
				E4E6F1702179893A000BEF9A /* Todoey */,
				E4E6F16F2179893A000BEF9A /* Products */,
				4D09190748D8C1942C84861E /* Pods */,
				4BA6A2774D77981198B83E74 /* Frameworks */,
			);
			sourceTree = "<group>";
		};
		E4E6F16F2179893A000BEF9A /* Products */ = {
			isa = PBXGroup;
			children = (
				E4E6F16E2179893A000BEF9A /* Todoey.app */,
			);
			name = Products;
			sourceTree = "<group>";
		};
		E4E6F1702179893A000BEF9A /* Todoey */ = {
			isa = PBXGroup;
			children = (
				E4E6F1712179893A000BEF9A /* AppDelegate.swift */,
				E4E6F186217E8B47000BEF9A /* Controllers */,
				E4E6F185217E8B2B000BEF9A /* Data Model */,
				E4E6F187217E8B5B000BEF9A /* Views */,
				E4E6F188217E8B80000BEF9A /* Supporting Files */,
				E4E6F17D21798940000BEF9A /* Info.plist */,
			);
			path = Todoey;
			sourceTree = "<group>";
		};
		E4E6F185217E8B2B000BEF9A /* Data Model */ = {
			isa = PBXGroup;
			children = (
				E482AA1F2187E77A00AC0D33 /* Catagory.swift */,
				E482AA202187E77A00AC0D33 /* Item.swift */,
			);
			path = "Data Model";
			sourceTree = "<group>";
		};
		E4E6F186217E8B47000BEF9A /* Controllers */ = {
			isa = PBXGroup;
			children = (
				E4E6F1AD2183A9CF000BEF9A /* CatagoryViewController.swift */,
				E4E6F1732179893A000BEF9A /* TodoListViewController.swift */,
			);
			path = Controllers;
			sourceTree = "<group>";
		};
		E4E6F187217E8B5B000BEF9A /* Views */ = {
			isa = PBXGroup;
			children = (
				E4E6F1752179893A000BEF9A /* Main.storyboard */,
			);
			path = Views;
			sourceTree = "<group>";
		};
		E4E6F188217E8B80000BEF9A /* Supporting Files */ = {
			isa = PBXGroup;
			children = (
				E4E6F17821798940000BEF9A /* Assets.xcassets */,
				E4E6F17A21798940000BEF9A /* LaunchScreen.storyboard */,
			);
			path = "Supporting Files";
			sourceTree = "<group>";
		};
/* End PBXGroup section */

/* Begin PBXNativeTarget section */
		E4E6F16D2179893A000BEF9A /* Todoey */ = {
			isa = PBXNativeTarget;
			buildConfigurationList = E4E6F18021798940000BEF9A /* Build configuration list for PBXNativeTarget "Todoey" */;
			buildPhases = (
				77F2DB746189C0FDAAB0D9D4 /* [CP] Check Pods Manifest.lock */,
				E4E6F16A2179893A000BEF9A /* Sources */,
				E4E6F16B2179893A000BEF9A /* Frameworks */,
				E4E6F16C2179893A000BEF9A /* Resources */,
				CBD2BA67F8FE99AD81E0BCFE /* [CP] Embed Pods Frameworks */,
			);
			buildRules = (
			);
			dependencies = (
			);
			name = Todoey;
			productName = Todoey;
			productReference = E4E6F16E2179893A000BEF9A /* Todoey.app */;
			productType = "com.apple.product-type.application";
		};
/* End PBXNativeTarget section */

/* Begin PBXProject section */
		E4E6F16621798939000BEF9A /* Project object */ = {
			isa = PBXProject;
			attributes = {
				LastSwiftUpdateCheck = 1000;
				LastUpgradeCheck = 1000;
				ORGANIZATIONNAME = Codyo;
				TargetAttributes = {
					E4E6F16D2179893A000BEF9A = {
						CreatedOnToolsVersion = 10.0;
					};
				};
			};
			buildConfigurationList = E4E6F16921798939000BEF9A /* Build configuration list for PBXProject "Todoey" */;
			compatibilityVersion = "Xcode 9.3";
			developmentRegion = en;
			hasScannedForEncodings = 0;
			knownRegions = (
				en,
				Base,
			);
			mainGroup = E4E6F16521798939000BEF9A;
			productRefGroup = E4E6F16F2179893A000BEF9A /* Products */;
			projectDirPath = "";
			projectRoot = "";
			targets = (
				E4E6F16D2179893A000BEF9A /* Todoey */,
			);
		};
/* End PBXProject section */

/* Begin PBXResourcesBuildPhase section */
		E4E6F16C2179893A000BEF9A /* Resources */ = {
			isa = PBXResourcesBuildPhase;
			buildActionMask = 2147483647;
			files = (
				E4E6F17C21798940000BEF9A /* LaunchScreen.storyboard in Resources */,
				E4E6F17921798940000BEF9A /* Assets.xcassets in Resources */,
				E4E6F1772179893A000BEF9A /* Main.storyboard in Resources */,
			);
			runOnlyForDeploymentPostprocessing = 0;
		};
/* End PBXResourcesBuildPhase section */

/* Begin PBXShellScriptBuildPhase section */
		77F2DB746189C0FDAAB0D9D4 /* [CP] Check Pods Manifest.lock */ = {
			isa = PBXShellScriptBuildPhase;
			buildActionMask = 2147483647;
			files = (
			);
			inputPaths = (
				"${PODS_PODFILE_DIR_PATH}/Podfile.lock",
				"${PODS_ROOT}/Manifest.lock",
			);
			name = "[CP] Check Pods Manifest.lock";
			outputPaths = (
				"$(DERIVED_FILE_DIR)/Pods-Todoey-checkManifestLockResult.txt",
			);
			runOnlyForDeploymentPostprocessing = 0;
			shellPath = /bin/sh;
			shellScript = "diff \"${PODS_PODFILE_DIR_PATH}/Podfile.lock\" \"${PODS_ROOT}/Manifest.lock\" > /dev/null\nif [ $? != 0 ] ; then\n    # print error to STDERR\n    echo \"error: The sandbox is not in sync with the Podfile.lock. Run 'pod install' or update your CocoaPods installation.\" >&2\n    exit 1\nfi\n# This output is used by Xcode 'outputs' to avoid re-running this script phase.\necho \"SUCCESS\" > \"${SCRIPT_OUTPUT_FILE_0}\"\n";
			showEnvVarsInLog = 0;
		};
		CBD2BA67F8FE99AD81E0BCFE /* [CP] Embed Pods Frameworks */ = {
			isa = PBXShellScriptBuildPhase;
			buildActionMask = 2147483647;
			files = (
			);
			inputPaths = (
				"${SRCROOT}/Pods/Target Support Files/Pods-Todoey/Pods-Todoey-frameworks.sh",
				"${BUILT_PRODUCTS_DIR}/Realm/Realm.framework",
				"${BUILT_PRODUCTS_DIR}/RealmSwift/RealmSwift.framework",
			);
			name = "[CP] Embed Pods Frameworks";
			outputPaths = (
				"${TARGET_BUILD_DIR}/${FRAMEWORKS_FOLDER_PATH}/Realm.framework",
				"${TARGET_BUILD_DIR}/${FRAMEWORKS_FOLDER_PATH}/RealmSwift.framework",
			);
			runOnlyForDeploymentPostprocessing = 0;
			shellPath = /bin/sh;
			shellScript = "\"${SRCROOT}/Pods/Target Support Files/Pods-Todoey/Pods-Todoey-frameworks.sh\"\n";
			showEnvVarsInLog = 0;
		};
/* End PBXShellScriptBuildPhase section */

/* Begin PBXSourcesBuildPhase section */
		E4E6F16A2179893A000BEF9A /* Sources */ = {
			isa = PBXSourcesBuildPhase;
			buildActionMask = 2147483647;
			files = (
				E482AA212187E77A00AC0D33 /* Catagory.swift in Sources */,
				E4E6F1AE2183A9CF000BEF9A /* CatagoryViewController.swift in Sources */,
				E4E6F1742179893A000BEF9A /* TodoListViewController.swift in Sources */,
				E482AA222187E77A00AC0D33 /* Item.swift in Sources */,
				E4E6F1722179893A000BEF9A /* AppDelegate.swift in Sources */,
			);
			runOnlyForDeploymentPostprocessing = 0;
		};
/* End PBXSourcesBuildPhase section */

/* Begin PBXVariantGroup section */
		E4E6F1752179893A000BEF9A /* Main.storyboard */ = {
			isa = PBXVariantGroup;
			children = (
				E4E6F1762179893A000BEF9A /* Base */,
			);
			name = Main.storyboard;
			sourceTree = "<group>";
		};
		E4E6F17A21798940000BEF9A /* LaunchScreen.storyboard */ = {
			isa = PBXVariantGroup;
			children = (
				E4E6F17B21798940000BEF9A /* Base */,
			);
			name = LaunchScreen.storyboard;
			sourceTree = "<group>";
		};
/* End PBXVariantGroup section */

/* Begin XCBuildConfiguration section */
		E4E6F17E21798940000BEF9A /* Debug */ = {
			isa = XCBuildConfiguration;
			buildSettings = {
				ALWAYS_SEARCH_USER_PATHS = NO;
				CLANG_ANALYZER_NONNULL = YES;
				CLANG_ANALYZER_NUMBER_OBJECT_CONVERSION = YES_AGGRESSIVE;
				CLANG_CXX_LANGUAGE_STANDARD = "gnu++14";
				CLANG_CXX_LIBRARY = "libc++";
				CLANG_ENABLE_MODULES = YES;
				CLANG_ENABLE_OBJC_ARC = YES;
				CLANG_ENABLE_OBJC_WEAK = YES;
				CLANG_WARN_BLOCK_CAPTURE_AUTORELEASING = YES;
				CLANG_WARN_BOOL_CONVERSION = YES;
				CLANG_WARN_COMMA = YES;
				CLANG_WARN_CONSTANT_CONVERSION = YES;
				CLANG_WARN_DEPRECATED_OBJC_IMPLEMENTATIONS = YES;
				CLANG_WARN_DIRECT_OBJC_ISA_USAGE = YES_ERROR;
				CLANG_WARN_DOCUMENTATION_COMMENTS = YES;
				CLANG_WARN_EMPTY_BODY = YES;
				CLANG_WARN_ENUM_CONVERSION = YES;
				CLANG_WARN_INFINITE_RECURSION = YES;
				CLANG_WARN_INT_CONVERSION = YES;
				CLANG_WARN_NON_LITERAL_NULL_CONVERSION = YES;
				CLANG_WARN_OBJC_IMPLICIT_RETAIN_SELF = YES;
				CLANG_WARN_OBJC_LITERAL_CONVERSION = YES;
				CLANG_WARN_OBJC_ROOT_CLASS = YES_ERROR;
				CLANG_WARN_RANGE_LOOP_ANALYSIS = YES;
				CLANG_WARN_STRICT_PROTOTYPES = YES;
				CLANG_WARN_SUSPICIOUS_MOVE = YES;
				CLANG_WARN_UNGUARDED_AVAILABILITY = YES_AGGRESSIVE;
				CLANG_WARN_UNREACHABLE_CODE = YES;
				CLANG_WARN__DUPLICATE_METHOD_MATCH = YES;
				CODE_SIGN_IDENTITY = "iPhone Developer";
				COPY_PHASE_STRIP = NO;
				DEBUG_INFORMATION_FORMAT = dwarf;
				ENABLE_STRICT_OBJC_MSGSEND = YES;
				ENABLE_TESTABILITY = YES;
				GCC_C_LANGUAGE_STANDARD = gnu11;
				GCC_DYNAMIC_NO_PIC = NO;
				GCC_NO_COMMON_BLOCKS = YES;
				GCC_OPTIMIZATION_LEVEL = 0;
				GCC_PREPROCESSOR_DEFINITIONS = (
					"DEBUG=1",
					"$(inherited)",
				);
				GCC_WARN_64_TO_32_BIT_CONVERSION = YES;
				GCC_WARN_ABOUT_RETURN_TYPE = YES_ERROR;
				GCC_WARN_UNDECLARED_SELECTOR = YES;
				GCC_WARN_UNINITIALIZED_AUTOS = YES_AGGRESSIVE;
				GCC_WARN_UNUSED_FUNCTION = YES;
				GCC_WARN_UNUSED_VARIABLE = YES;
				IPHONEOS_DEPLOYMENT_TARGET = 12.0;
				MTL_ENABLE_DEBUG_INFO = INCLUDE_SOURCE;
				MTL_FAST_MATH = YES;
				ONLY_ACTIVE_ARCH = YES;
				SDKROOT = iphoneos;
				SWIFT_ACTIVE_COMPILATION_CONDITIONS = DEBUG;
				SWIFT_OPTIMIZATION_LEVEL = "-Onone";
			};
			name = Debug;
		};
		E4E6F17F21798940000BEF9A /* Release */ = {
			isa = XCBuildConfiguration;
			buildSettings = {
				ALWAYS_SEARCH_USER_PATHS = NO;
				CLANG_ANALYZER_NONNULL = YES;
				CLANG_ANALYZER_NUMBER_OBJECT_CONVERSION = YES_AGGRESSIVE;
				CLANG_CXX_LANGUAGE_STANDARD = "gnu++14";
				CLANG_CXX_LIBRARY = "libc++";
				CLANG_ENABLE_MODULES = YES;
				CLANG_ENABLE_OBJC_ARC = YES;
				CLANG_ENABLE_OBJC_WEAK = YES;
				CLANG_WARN_BLOCK_CAPTURE_AUTORELEASING = YES;
				CLANG_WARN_BOOL_CONVERSION = YES;
				CLANG_WARN_COMMA = YES;
				CLANG_WARN_CONSTANT_CONVERSION = YES;
				CLANG_WARN_DEPRECATED_OBJC_IMPLEMENTATIONS = YES;
				CLANG_WARN_DIRECT_OBJC_ISA_USAGE = YES_ERROR;
				CLANG_WARN_DOCUMENTATION_COMMENTS = YES;
				CLANG_WARN_EMPTY_BODY = YES;
				CLANG_WARN_ENUM_CONVERSION = YES;
				CLANG_WARN_INFINITE_RECURSION = YES;
				CLANG_WARN_INT_CONVERSION = YES;
				CLANG_WARN_NON_LITERAL_NULL_CONVERSION = YES;
				CLANG_WARN_OBJC_IMPLICIT_RETAIN_SELF = YES;
				CLANG_WARN_OBJC_LITERAL_CONVERSION = YES;
				CLANG_WARN_OBJC_ROOT_CLASS = YES_ERROR;
				CLANG_WARN_RANGE_LOOP_ANALYSIS = YES;
				CLANG_WARN_STRICT_PROTOTYPES = YES;
				CLANG_WARN_SUSPICIOUS_MOVE = YES;
				CLANG_WARN_UNGUARDED_AVAILABILITY = YES_AGGRESSIVE;
				CLANG_WARN_UNREACHABLE_CODE = YES;
				CLANG_WARN__DUPLICATE_METHOD_MATCH = YES;
				CODE_SIGN_IDENTITY = "iPhone Developer";
				COPY_PHASE_STRIP = NO;
				DEBUG_INFORMATION_FORMAT = "dwarf-with-dsym";
				ENABLE_NS_ASSERTIONS = NO;
				ENABLE_STRICT_OBJC_MSGSEND = YES;
				GCC_C_LANGUAGE_STANDARD = gnu11;
				GCC_NO_COMMON_BLOCKS = YES;
				GCC_WARN_64_TO_32_BIT_CONVERSION = YES;
				GCC_WARN_ABOUT_RETURN_TYPE = YES_ERROR;
				GCC_WARN_UNDECLARED_SELECTOR = YES;
				GCC_WARN_UNINITIALIZED_AUTOS = YES_AGGRESSIVE;
				GCC_WARN_UNUSED_FUNCTION = YES;
				GCC_WARN_UNUSED_VARIABLE = YES;
				IPHONEOS_DEPLOYMENT_TARGET = 12.0;
				MTL_ENABLE_DEBUG_INFO = NO;
				MTL_FAST_MATH = YES;
				SDKROOT = iphoneos;
				SWIFT_COMPILATION_MODE = wholemodule;
				SWIFT_OPTIMIZATION_LEVEL = "-O";
				VALIDATE_PRODUCT = YES;
			};
			name = Release;
		};
		E4E6F18121798940000BEF9A /* Debug */ = {
			isa = XCBuildConfiguration;
			baseConfigurationReference = 230A9EF9F75CD3816389EEDC /* Pods-Todoey.debug.xcconfig */;
			buildSettings = {
				ASSETCATALOG_COMPILER_APPICON_NAME = AppIcon;
				CODE_SIGN_STYLE = Automatic;
				DEVELOPMENT_TEAM = X76ZZSAV3Y;
				INFOPLIST_FILE = Todoey/Info.plist;
				LD_RUNPATH_SEARCH_PATHS = (
					"$(inherited)",
					"@executable_path/Frameworks",
				);
				PRODUCT_BUNDLE_IDENTIFIER = com.codyo.Todoey;
				PRODUCT_NAME = "$(TARGET_NAME)";
				SWIFT_VERSION = 4.2;
				TARGETED_DEVICE_FAMILY = "1,2";
			};
			name = Debug;
		};
		E4E6F18221798940000BEF9A /* Release */ = {
			isa = XCBuildConfiguration;
			baseConfigurationReference = EC638BE9A1340ACFBECB5779 /* Pods-Todoey.release.xcconfig */;
			buildSettings = {
				ASSETCATALOG_COMPILER_APPICON_NAME = AppIcon;
				CODE_SIGN_STYLE = Automatic;
				DEVELOPMENT_TEAM = X76ZZSAV3Y;
				INFOPLIST_FILE = Todoey/Info.plist;
				LD_RUNPATH_SEARCH_PATHS = (
					"$(inherited)",
					"@executable_path/Frameworks",
				);
				PRODUCT_BUNDLE_IDENTIFIER = com.codyo.Todoey;
				PRODUCT_NAME = "$(TARGET_NAME)";
				SWIFT_VERSION = 4.2;
				TARGETED_DEVICE_FAMILY = "1,2";
			};
			name = Release;
		};
/* End XCBuildConfiguration section */

/* Begin XCConfigurationList section */
		E4E6F16921798939000BEF9A /* Build configuration list for PBXProject "Todoey" */ = {
			isa = XCConfigurationList;
			buildConfigurations = (
				E4E6F17E21798940000BEF9A /* Debug */,
				E4E6F17F21798940000BEF9A /* Release */,
			);
			defaultConfigurationIsVisible = 0;
			defaultConfigurationName = Release;
		};
		E4E6F18021798940000BEF9A /* Build configuration list for PBXNativeTarget "Todoey" */ = {
			isa = XCConfigurationList;
			buildConfigurations = (
				E4E6F18121798940000BEF9A /* Debug */,
				E4E6F18221798940000BEF9A /* Release */,
			);
			defaultConfigurationIsVisible = 0;
			defaultConfigurationName = Release;
		};
/* End XCConfigurationList section */
	};
	rootObject = E4E6F16621798939000BEF9A /* Project object */;
}
